
Microsoft Visual Studio Solution File, Format Version 12.00
# Visual Studio Version 18
VisualStudioVersion = 18.5.11626.173
MinimumVisualStudioVersion = 10.0.40219.1
Project("{FAE04EC0-301F-11D3-BF4B-00C04F79EFBC}") = "ApexComputerUse", "ApexComputerUse\ApexComputerUse.csproj", "{D773D010-7228-46B6-BDF8-284B471B8CC3}"
EndProject
Global
	GlobalSection(SolutionConfigurationPlatforms) = preSolution
		Debug|Any CPU = Debug|Any CPU
		Release|Any CPU = Release|Any CPU
	EndGlobalSection
	GlobalSection(ProjectConfigurationPlatforms) = postSolution
		{D773D010-7228-46B6-BDF8-284B471B8CC3}.Debug|Any CPU.ActiveCfg = Debug|Any CPU
		{D773D010-7228-46B6-BDF8-284B471B8CC3}.Debug|Any CPU.Build.0 = Debug|Any CPU
		{D773D010-7228-46B6-BDF8-284B471B8CC3}.Release|Any CPU.ActiveCfg = Release|Any CPU
		{D773D010-7228-46B6-BDF8-284B471B8CC3}.Release|Any CPU.Build.0 = Release|Any CPU
	EndGlobalSection
	GlobalSection(SolutionProperties) = preSolution
		HideSolutionNode = FALSE
	EndGlobalSection
	GlobalSection(ExtensibilityGlobals) = postSolution
		SolutionGuid = {AD29A496-0036-44F4-B3E3-987A8C478D23}
	EndGlobalSection
EndGlobal
